
Microsoft Visual Studio Solution File, Format Version 12.00
# Visual Studio Version 17
VisualStudioVersion = 17.4.33213.308
MinimumVisualStudioVersion = 10.0.40219.1
Project("{FAE04EC0-301F-11D3-BF4B-00C04F79EFBC}") = "TGWorkshopCase", "TGWorkshopCase\TGWorkshopCase.csproj", "{57B025D3-6C29-4D67-8A15-9B69F1B850B4}"
EndProject
Global
	GlobalSection(SolutionConfigurationPlatforms) = preSolution
		Debug|Any CPU = Debug|Any CPU
		Release|Any CPU = Release|Any CPU
	EndGlobalSection
	GlobalSection(ProjectConfigurationPlatforms) = postSolution
		{57B025D3-6C29-4D67-8A15-9B69F1B850B4}.Debug|Any CPU.ActiveCfg = Debug|Any CPU
		{57B025D3-6C29-4D67-8A15-9B69F1B850B4}.Debug|Any CPU.Build.0 = Debug|Any CPU
		{57B025D3-6C29-4D67-8A15-9B69F1B850B4}.Release|Any CPU.ActiveCfg = Release|Any CPU
		{57B025D3-6C29-4D67-8A15-9B69F1B850B4}.Release|Any CPU.Build.0 = Release|Any CPU
	EndGlobalSection
	GlobalSection(SolutionProperties) = preSolution
		HideSolutionNode = FALSE
	EndGlobalSection
	GlobalSection(ExtensibilityGlobals) = postSolution
		SolutionGuid = {B5CDCD6D-E3C0-4C4D-B640-FB1E2C3600EE}
	EndGlobalSection
EndGlobal
